// !$*UTF8*$!
{
	archiveVersion = 1;
	classes = {
	};
	objectVersion = 77;
	objects = {

/* Begin PBXContainerItemProxy section */
		66CBA5442F21B11100B15AB7 /* PBXContainerItemProxy */ = {
			isa = PBXContainerItemProxy;
			containerPortal = 66CBA5222F21B11000B15AB7 /* Project object */;
			proxyType = 1;
			remoteGlobalIDString = 66CBA5292F21B11000B15AB7;
			remoteInfo = MiniaturePaintingTracker;
		};
		66CBA54E2F21B11100B15AB7 /* PBXContainerItemProxy */ = {
			isa = PBXContainerItemProxy;
			containerPortal = 66CBA5222F21B11000B15AB7 /* Project object */;
			proxyType = 1;
			remoteGlobalIDString = 66CBA5292F21B11000B15AB7;
			remoteInfo = MiniaturePaintingTracker;
		};
/* End PBXContainerItemProxy section */

/* Begin PBXFileReference section */
		66CBA52A2F21B11000B15AB7 /* MiniaturePaintingTracker.app */ = {isa = PBXFileReference; explicitFileType = wrapper.application; includeInIndex = 0; path = MiniaturePaintingTracker.app; sourceTree = BUILT_PRODUCTS_DIR; };
		66CBA5432F21B11100B15AB7 /* MiniaturePaintingTrackerTests.xctest */ = {isa = PBXFileReference; explicitFileType = wrapper.cfbundle; includeInIndex = 0; path = MiniaturePaintingTrackerTests.xctest; sourceTree = BUILT_PRODUCTS_DIR; };
		66CBA54D2F21B11100B15AB7 /* MiniaturePaintingTrackerUITests.xctest */ = {isa = PBXFileReference; explicitFileType = wrapper.cfbundle; includeInIndex = 0; path = MiniaturePaintingTrackerUITests.xctest; sourceTree = BUILT_PRODUCTS_DIR; };
/* End PBXFileReference section */

/* Begin PBXFileSystemSynchronizedBuildFileExceptionSet section */
		66CBA5552F21B11100B15AB7 /* Exceptions for "MiniaturePaintingTracker" folder in "MiniaturePaintingTracker" target */ = {
			isa = PBXFileSystemSynchronizedBuildFileExceptionSet;
			membershipExceptions = (
				Info.plist,
			);
			target = 66CBA5292F21B11000B15AB7 /* MiniaturePaintingTracker */;
		};
/* End PBXFileSystemSynchronizedBuildFileExceptionSet section */

/* Begin PBXFileSystemSynchronizedRootGroup section */
		66CBA52C2F21B11000B15AB7 /* MiniaturePaintingTracker */ = {
			isa = PBXFileSystemSynchronizedRootGroup;
			exceptions = (
				66CBA5552F21B11100B15AB7 /* Exceptions for "MiniaturePaintingTracker" folder in "MiniaturePaintingTracker" target */,
			);
			path = MiniaturePaintingTracker;
			sourceTree = "<group>";
		};
		66CBA5462F21B11100B15AB7 /* MiniaturePaintingTrackerTests */ = {
			isa = PBXFileSystemSynchronizedRootGroup;
			path = MiniaturePaintingTrackerTests;
			sourceTree = "<group>";
		};
		66CBA5502F21B11100B15AB7 /* MiniaturePaintingTrackerUITests */ = {
			isa = PBXFileSystemSynchronizedRootGroup;
			path = MiniaturePaintingTrackerUITests;
			sourceTree = "<group>";
		};
/* End PBXFileSystemSynchronizedRootGroup section */

/* Begin PBXFrameworksBuildPhase section */
		66CBA5272F21B11000B15AB7 /* Frameworks */ = {
			isa = PBXFrameworksBuildPhase;
			buildActionMask = 2147483647;
			files = (
			);
			runOnlyForDeploymentPostprocessing = 0;
		};
		66CBA5402F21B11100B15AB7 /* Frameworks */ = {
			isa = PBXFrameworksBuildPhase;
			buildActionMask = 2147483647;
			files = (
			);
			runOnlyForDeploymentPostprocessing = 0;
		};
		66CBA54A2F21B11100B15AB7 /* Frameworks */ = {
			isa = PBXFrameworksBuildPhase;
			buildActionMask = 2147483647;
			files = (
			);
			runOnlyForDeploymentPostprocessing = 0;
		};
/* End PBXFrameworksBuildPhase section */

/* Begin PBXGroup section */
		66CBA5212F21B11000B15AB7 = {
			isa = PBXGroup;
			children = (
				66CBA52C2F21B11000B15AB7 /* MiniaturePaintingTracker */,
				66CBA5462F21B11100B15AB7 /* MiniaturePaintingTrackerTests */,
				66CBA5502F21B11100B15AB7 /* MiniaturePaintingTrackerUITests */,
				66CBA52B2F21B11000B15AB7 /* Products */,
			);
			sourceTree = "<group>";
		};
		66CBA52B2F21B11000B15AB7 /* Products */ = {
			isa = PBXGroup;
			children = (
				66CBA52A2F21B11000B15AB7 /* MiniaturePaintingTracker.app */,
				66CBA5432F21B11100B15AB7 /* MiniaturePaintingTrackerTests.xctest */,
				66CBA54D2F21B11100B15AB7 /* MiniaturePaintingTrackerUITests.xctest */,
			);
			name = Products;
			sourceTree = "<group>";
		};
/* End PBXGroup section */

/* Begin PBXNativeTarget section */
		66CBA5292F21B11000B15AB7 /* MiniaturePaintingTracker */ = {
			isa = PBXNativeTarget;
			buildConfigurationList = 66CBA5562F21B11100B15AB7 /* Build configuration list for PBXNativeTarget "MiniaturePaintingTracker" */;
			buildPhases = (
				66CBA5262F21B11000B15AB7 /* Sources */,
				66CBA5272F21B11000B15AB7 /* Frameworks */,
				66CBA5282F21B11000B15AB7 /* Resources */,
			);
			buildRules = (
			);
			dependencies = (
			);
			fileSystemSynchronizedGroups = (
				66CBA52C2F21B11000B15AB7 /* MiniaturePaintingTracker */,
			);
			name = MiniaturePaintingTracker;
			packageProductDependencies = (
			);
			productName = MiniaturePaintingTracker;
			productReference = 66CBA52A2F21B11000B15AB7 /* MiniaturePaintingTracker.app */;
			productType = "com.apple.product-type.application";
		};
		66CBA5422F21B11100B15AB7 /* MiniaturePaintingTrackerTests */ = {
			isa = PBXNativeTarget;
			buildConfigurationList = 66CBA55B2F21B11100B15AB7 /* Build configuration list for PBXNativeTarget "MiniaturePaintingTrackerTests" */;
			buildPhases = (
				66CBA53F2F21B11100B15AB7 /* Sources */,
				66CBA5402F21B11100B15AB7 /* Frameworks */,
				66CBA5412F21B11100B15AB7 /* Resources */,
			);
			buildRules = (
			);
			dependencies = (
				66CBA5452F21B11100B15AB7 /* PBXTargetDependency */,
			);
			fileSystemSynchronizedGroups = (
				66CBA5462F21B11100B15AB7 /* MiniaturePaintingTrackerTests */,
			);
			name = MiniaturePaintingTrackerTests;
			packageProductDependencies = (
			);
			productName = MiniaturePaintingTrackerTests;
			productReference = 66CBA5432F21B11100B15AB7 /* MiniaturePaintingTrackerTests.xctest */;
			productType = "com.apple.product-type.bundle.unit-test";
		};
		66CBA54C2F21B11100B15AB7 /* MiniaturePaintingTrackerUITests */ = {
			isa = PBXNativeTarget;
			buildConfigurationList = 66CBA55E2F21B11100B15AB7 /* Build configuration list for PBXNativeTarget "MiniaturePaintingTrackerUITests" */;
			buildPhases = (
				66CBA5492F21B11100B15AB7 /* Sources */,
				66CBA54A2F21B11100B15AB7 /* Frameworks */,
				66CBA54B2F21B11100B15AB7 /* Resources */,
			);
			buildRules = (
			);
			dependencies = (
				66CBA54F2F21B11100B15AB7 /* PBXTargetDependency */,
			);
			fileSystemSynchronizedGroups = (
				66CBA5502F21B11100B15AB7 /* MiniaturePaintingTrackerUITests */,
			);
			name = MiniaturePaintingTrackerUITests;
			packageProductDependencies = (
			);
			productName = MiniaturePaintingTrackerUITests;
			productReference = 66CBA54D2F21B11100B15AB7 /* MiniaturePaintingTrackerUITests.xctest */;
			productType = "com.apple.product-type.bundle.ui-testing";
		};
/* End PBXNativeTarget section */

/* Begin PBXProject section */
		66CBA5222F21B11000B15AB7 /* Project object */ = {
			isa = PBXProject;
			attributes = {
				BuildIndependentTargetsInParallel = 1;
				LastSwiftUpdateCheck = 2620;
				LastUpgradeCheck = 2620;
				TargetAttributes = {
					66CBA5292F21B11000B15AB7 = {
						CreatedOnToolsVersion = 26.2;
					};
					66CBA5422F21B11100B15AB7 = {
						CreatedOnToolsVersion = 26.2;
						TestTargetID = 66CBA5292F21B11000B15AB7;
					};
					66CBA54C2F21B11100B15AB7 = {
						CreatedOnToolsVersion = 26.2;
						TestTargetID = 66CBA5292F21B11000B15AB7;
					};
				};
			};
			buildConfigurationList = 66CBA5252F21B11000B15AB7 /* Build configuration list for PBXProject "MiniaturePaintingTracker" */;
			developmentRegion = en;
			hasScannedForEncodings = 0;
			knownRegions = (
				en,
				Base,
			);
			mainGroup = 66CBA5212F21B11000B15AB7;
			minimizedProjectReferenceProxies = 1;
			preferredProjectObjectVersion = 77;
			productRefGroup = 66CBA52B2F21B11000B15AB7 /* Products */;
			projectDirPath = "";
			projectRoot = "";
			targets = (
				66CBA5292F21B11000B15AB7 /* MiniaturePaintingTracker */,
				66CBA5422F21B11100B15AB7 /* MiniaturePaintingTrackerTests */,
				66CBA54C2F21B11100B15AB7 /* MiniaturePaintingTrackerUITests */,
			);
		};
/* End PBXProject section */

/* Begin PBXResourcesBuildPhase section */
		66CBA5282F21B11000B15AB7 /* Resources */ = {
			isa = PBXResourcesBuildPhase;
			buildActionMask = 2147483647;
			files = (
			);
			runOnlyForDeploymentPostprocessing = 0;
		};
		66CBA5412F21B11100B15AB7 /* Resources */ = {
			isa = PBXResourcesBuildPhase;
			buildActionMask = 2147483647;
			files = (
			);
			runOnlyForDeploymentPostprocessing = 0;
		};
		66CBA54B2F21B11100B15AB7 /* Resources */ = {
			isa = PBXResourcesBuildPhase;
			buildActionMask = 2147483647;
			files = (
			);
			runOnlyForDeploymentPostprocessing = 0;
		};
/* End PBXResourcesBuildPhase section */

/* Begin PBXSourcesBuildPhase section */
		66CBA5262F21B11000B15AB7 /* Sources */ = {
			isa = PBXSourcesBuildPhase;
			buildActionMask = 2147483647;
			files = (
			);
			runOnlyForDeploymentPostprocessing = 0;
		};
		66CBA53F2F21B11100B15AB7 /* Sources */ = {
			isa = PBXSourcesBuildPhase;
			buildActionMask = 2147483647;
			files = (
			);
			runOnlyForDeploymentPostprocessing = 0;
		};
		66CBA5492F21B11100B15AB7 /* Sources */ = {
			isa = PBXSourcesBuildPhase;
			buildActionMask = 2147483647;
			files = (
			);
			runOnlyForDeploymentPostprocessing = 0;
		};
/* End PBXSourcesBuildPhase section */

/* Begin PBXTargetDependency section */
		66CBA5452F21B11100B15AB7 /* PBXTargetDependency */ = {
			isa = PBXTargetDependency;
			target = 66CBA5292F21B11000B15AB7 /* MiniaturePaintingTracker */;
			targetProxy = 66CBA5442F21B11100B15AB7 /* PBXContainerItemProxy */;
		};
		66CBA54F2F21B11100B15AB7 /* PBXTargetDependency */ = {
			isa = PBXTargetDependency;
			target = 66CBA5292F21B11000B15AB7 /* MiniaturePaintingTracker */;
			targetProxy = 66CBA54E2F21B11100B15AB7 /* PBXContainerItemProxy */;
		};
/* End PBXTargetDependency section */

/* Begin XCBuildConfiguration section */
		66CBA5572F21B11100B15AB7 /* Debug */ = {
			isa = XCBuildConfiguration;
			buildSettings = {
				ASSETCATALOG_COMPILER_APPICON_NAME = AppIcon;
				ASSETCATALOG_COMPILER_GLOBAL_ACCENT_COLOR_NAME = AccentColor;
				CODE_SIGN_STYLE = Automatic;
				CURRENT_PROJECT_VERSION = 1;
				DEVELOPMENT_TEAM = QCN5WEUECB;
				GENERATE_INFOPLIST_FILE = YES;
				INFOPLIST_FILE = MiniaturePaintingTracker/Info.plist;
				INFOPLIST_KEY_CFBundleDisplayName = "Miniature Painting Tracker";
				INFOPLIST_KEY_LSApplicationCategoryType = "public.app-category.dice-games";
				INFOPLIST_KEY_UIApplicationSupportsIndirectInputEvents = YES;
				INFOPLIST_KEY_UILaunchStoryboardName = LaunchScreen;
				INFOPLIST_KEY_UIMainStoryboardFile = Main;
				INFOPLIST_KEY_UISupportedInterfaceOrientations_iPad = "UIInterfaceOrientationPortrait UIInterfaceOrientationPortraitUpsideDown UIInterfaceOrientationLandscapeLeft UIInterfaceOrientationLandscapeRight";
				INFOPLIST_KEY_UISupportedInterfaceOrientations_iPhone = "UIInterfaceOrientationPortrait UIInterfaceOrientationLandscapeLeft UIInterfaceOrientationLandscapeRight";
				IPHONEOS_DEPLOYMENT_TARGET = 17.0;
				LD_RUNPATH_SEARCH_PATHS = (
					"$(inherited)",
					"@executable_path/Frameworks",
				);
				MARKETING_VERSION = 1.0;
				PRODUCT_BUNDLE_IDENTIFIER = com.miniaturetracker.MiniaturePaintingTracker;
				PRODUCT_NAME = "$(TARGET_NAME)";
				STRING_CATALOG_GENERATE_SYMBOLS = YES;
				SUPPORTED_PLATFORMS = "iphoneos iphonesimulator";
				SUPPORTS_MACCATALYST = NO;
				SUPPORTS_MAC_DESIGNED_FOR_IPHONE_IPAD = NO;
				SUPPORTS_XR_DESIGNED_FOR_IPHONE_IPAD = NO;
				SWIFT_APPROACHABLE_CONCURRENCY = YES;
				SWIFT_DEFAULT_ACTOR_ISOLATION = MainActor;
				SWIFT_EMIT_LOC_STRINGS = YES;
				SWIFT_UPCOMING_FEATURE_MEMBER_IMPORT_VISIBILITY = YES;
				SWIFT_VERSION = 5.0;
				TARGETED_DEVICE_FAMILY = "1,2";
			};
			name = Debug;
		};
		66CBA5582F21B11100B15AB7 /* Release */ = {
			isa = XCBuildConfiguration;
			buildSettings = {
				ASSETCATALOG_COMPILER_APPICON_NAME = AppIcon;
				ASSETCATALOG_COMPILER_GLOBAL_ACCENT_COLOR_NAME = AccentColor;
				CODE_SIGN_STYLE = Automatic;
				CURRENT_PROJECT_VERSION = 1;
				DEVELOPMENT_TEAM = QCN5WEUECB;
				GENERATE_INFOPLIST_FILE = YES;
				INFOPLIST_FILE = MiniaturePaintingTracker/Info.plist;
				INFOPLIST_KEY_CFBundleDisplayName = "Miniature Painting Tracker";
				INFOPLIST_KEY_LSApplicationCategoryType = "public.app-category.dice-games";
				INFOPLIST_KEY_UIApplicationSupportsIndirectInputEvents = YES;
				INFOPLIST_KEY_UILaunchStoryboardName = LaunchScreen;
				INFOPLIST_KEY_UIMainStoryboardFile = Main;
				INFOPLIST_KEY_UISupportedInterfaceOrientations_iPad = "UIInterfaceOrientationPortrait UIInterfaceOrientationPortraitUpsideDown UIInterfaceOrientationLandscapeLeft UIInterfaceOrientationLandscapeRight";
				INFOPLIST_KEY_UISupportedInterfaceOrientations_iPhone = "UIInterfaceOrientationPortrait UIInterfaceOrientationLandscapeLeft UIInterfaceOrientationLandscapeRight";
				IPHONEOS_DEPLOYMENT_TARGET = 17.0;
				LD_RUNPATH_SEARCH_PATHS = (
					"$(inherited)",
					"@executable_path/Frameworks",
				);
				MARKETING_VERSION = 1.0;
				PRODUCT_BUNDLE_IDENTIFIER = com.miniaturetracker.MiniaturePaintingTracker;
				PRODUCT_NAME = "$(TARGET_NAME)";
				STRING_CATALOG_GENERATE_SYMBOLS = YES;
				SUPPORTED_PLATFORMS = "iphoneos iphonesimulator";
				SUPPORTS_MACCATALYST = NO;
				SUPPORTS_MAC_DESIGNED_FOR_IPHONE_IPAD = NO;
				SUPPORTS_XR_DESIGNED_FOR_IPHONE_IPAD = NO;
				SWIFT_APPROACHABLE_CONCURRENCY = YES;
				SWIFT_DEFAULT_ACTOR_ISOLATION = MainActor;
				SWIFT_EMIT_LOC_STRINGS = YES;
				SWIFT_UPCOMING_FEATURE_MEMBER_IMPORT_VISIBILITY = YES;
				SWIFT_VERSION = 5.0;
				TARGETED_DEVICE_FAMILY = "1,2";
			};
			name = Release;
		};
		66CBA5592F21B11100B15AB7 /* Debug */ = {
			isa = XCBuildConfiguration;
			buildSettings = {
				ALWAYS_SEARCH_USER_PATHS = NO;
				ASSETCATALOG_COMPILER_GENERATE_SWIFT_ASSET_SYMBOL_EXTENSIONS = YES;
				CLANG_ANALYZER_NONNULL = YES;
				CLANG_ANALYZER_NUMBER_OBJECT_CONVERSION = YES_AGGRESSIVE;
				CLANG_CXX_LANGUAGE_STANDARD = "gnu++20";
				CLANG_ENABLE_MODULES = YES;
				CLANG_ENABLE_OBJC_ARC = YES;
				CLANG_ENABLE_OBJC_WEAK = YES;
				CLANG_WARN_BLOCK_CAPTURE_AUTORELEASING = YES;
				CLANG_WARN_BOOL_CONVERSION = YES;
				CLANG_WARN_COMMA = YES;
				CLANG_WARN_CONSTANT_CONVERSION = YES;
				CLANG_WARN_DEPRECATED_OBJC_IMPLEMENTATIONS = YES;
				CLANG_WARN_DIRECT_OBJC_ISA_USAGE = YES_ERROR;
				CLANG_WARN_DOCUMENTATION_COMMENTS = YES;
				CLANG_WARN_EMPTY_BODY = YES;
				CLANG_WARN_ENUM_CONVERSION = YES;
				CLANG_WARN_INFINITE_RECURSION = YES;
				CLANG_WARN_INT_CONVERSION = YES;
				CLANG_WARN_NON_LITERAL_NULL_CONVERSION = YES;
				CLANG_WARN_OBJC_IMPLICIT_RETAIN_SELF = YES;
				CLANG_WARN_OBJC_LITERAL_CONVERSION = YES;
				CLANG_WARN_OBJC_ROOT_CLASS = YES_ERROR;
				CLANG_WARN_QUOTED_INCLUDE_IN_FRAMEWORK_HEADER = YES;
				CLANG_WARN_RANGE_LOOP_ANALYSIS = YES;
				CLANG_WARN_STRICT_PROTOTYPES = YES;
				CLANG_WARN_SUSPICIOUS_MOVE = YES;
				CLANG_WARN_UNGUARDED_AVAILABILITY = YES_AGGRESSIVE;
				CLANG_WARN_UNREACHABLE_CODE = YES;
				CLANG_WARN__DUPLICATE_METHOD_MATCH = YES;
				COPY_PHASE_STRIP = NO;
				DEBUG_INFORMATION_FORMAT = dwarf;
				ENABLE_STRICT_OBJC_MSGSEND = YES;
				ENABLE_TESTABILITY = YES;
				ENABLE_USER_SCRIPT_SANDBOXING = YES;
				GCC_C_LANGUAGE_STANDARD = gnu17;
				GCC_DYNAMIC_NO_PIC = NO;
				GCC_NO_COMMON_BLOCKS = YES;
				GCC_OPTIMIZATION_LEVEL = 0;
				GCC_PREPROCESSOR_DEFINITIONS = (
					"DEBUG=1",
					"$(inherited)",
				);
				GCC_WARN_64_TO_32_BIT_CONVERSION = YES;
				GCC_WARN_ABOUT_RETURN_TYPE = YES_ERROR;
				GCC_WARN_UNDECLARED_SELECTOR = YES;
				GCC_WARN_UNINITIALIZED_AUTOS = YES_AGGRESSIVE;
				GCC_WARN_UNUSED_FUNCTION = YES;
				GCC_WARN_UNUSED_VARIABLE = YES;
				IPHONEOS_DEPLOYMENT_TARGET = 17.0;
				LOCALIZATION_PREFERS_STRING_CATALOGS = YES;
				MTL_ENABLE_DEBUG_INFO = INCLUDE_SOURCE;
				MTL_FAST_MATH = YES;
				ONLY_ACTIVE_ARCH = YES;
				SDKROOT = iphoneos;
				SWIFT_ACTIVE_COMPILATION_CONDITIONS = "DEBUG $(inherited)";
				SWIFT_OPTIMIZATION_LEVEL = "-Onone";
			};
			name = Debug;
		};
		66CBA55A2F21B11100B15AB7 /* Release */ = {
			isa = XCBuildConfiguration;
			buildSettings = {
				ALWAYS_SEARCH_USER_PATHS = NO;
				ASSETCATALOG_COMPILER_GENERATE_SWIFT_ASSET_SYMBOL_EXTENSIONS = YES;
				CLANG_ANALYZER_NONNULL = YES;
				CLANG_ANALYZER_NUMBER_OBJECT_CONVERSION = YES_AGGRESSIVE;
				CLANG_CXX_LANGUAGE_STANDARD = "gnu++20";
				CLANG_ENABLE_MODULES = YES;
				CLANG_ENABLE_OBJC_ARC = YES;
				CLANG_ENABLE_OBJC_WEAK = YES;
				CLANG_WARN_BLOCK_CAPTURE_AUTORELEASING = YES;
				CLANG_WARN_BOOL_CONVERSION = YES;
				CLANG_WARN_COMMA = YES;
				CLANG_WARN_CONSTANT_CONVERSION = YES;
				CLANG_WARN_DEPRECATED_OBJC_IMPLEMENTATIONS = YES;
				CLANG_WARN_DIRECT_OBJC_ISA_USAGE = YES_ERROR;
				CLANG_WARN_DOCUMENTATION_COMMENTS = YES;
				CLANG_WARN_EMPTY_BODY = YES;
				CLANG_WARN_ENUM_CONVERSION = YES;
				CLANG_WARN_INFINITE_RECURSION = YES;
				CLANG_WARN_INT_CONVERSION = YES;
				CLANG_WARN_NON_LITERAL_NULL_CONVERSION = YES;
				CLANG_WARN_OBJC_IMPLICIT_RETAIN_SELF = YES;
				CLANG_WARN_OBJC_LITERAL_CONVERSION = YES;
				CLANG_WARN_OBJC_ROOT_CLASS = YES_ERROR;
				CLANG_WARN_QUOTED_INCLUDE_IN_FRAMEWORK_HEADER = YES;
				CLANG_WARN_RANGE_LOOP_ANALYSIS = YES;
				CLANG_WARN_STRICT_PROTOTYPES = YES;
				CLANG_WARN_SUSPICIOUS_MOVE = YES;
				CLANG_WARN_UNGUARDED_AVAILABILITY = YES_AGGRESSIVE;
				CLANG_WARN_UNREACHABLE_CODE = YES;
				CLANG_WARN__DUPLICATE_METHOD_MATCH = YES;
				COPY_PHASE_STRIP = NO;
				DEBUG_INFORMATION_FORMAT = "dwarf-with-dsym";
				ENABLE_NS_ASSERTIONS = NO;
				ENABLE_STRICT_OBJC_MSGSEND = YES;
				ENABLE_USER_SCRIPT_SANDBOXING = YES;
				GCC_C_LANGUAGE_STANDARD = gnu17;
				GCC_NO_COMMON_BLOCKS = YES;
				GCC_WARN_64_TO_32_BIT_CONVERSION = YES;
				GCC_WARN_ABOUT_RETURN_TYPE = YES_ERROR;
				GCC_WARN_UNDECLARED_SELECTOR = YES;
				GCC_WARN_UNINITIALIZED_AUTOS = YES_AGGRESSIVE;
				GCC_WARN_UNUSED_FUNCTION = YES;
				GCC_WARN_UNUSED_VARIABLE = YES;
				IPHONEOS_DEPLOYMENT_TARGET = 17.0;
				LOCALIZATION_PREFERS_STRING_CATALOGS = YES;
				MTL_ENABLE_DEBUG_INFO = NO;
				MTL_FAST_MATH = YES;
				SDKROOT = iphoneos;
				SWIFT_COMPILATION_MODE = wholemodule;
				VALIDATE_PRODUCT = YES;
			};
			name = Release;
		};
		66CBA55C2F21B11100B15AB7 /* Debug */ = {
			isa = XCBuildConfiguration;
			buildSettings = {
				BUNDLE_LOADER = "$(TEST_HOST)";
				CODE_SIGN_STYLE = Automatic;
				CURRENT_PROJECT_VERSION = 1;
				GENERATE_INFOPLIST_FILE = YES;
				IPHONEOS_DEPLOYMENT_TARGET = 17.0;
				MARKETING_VERSION = 1.0;
				PRODUCT_BUNDLE_IDENTIFIER = com.miniaturetracker.MiniaturePaintingTrackerTests;
				PRODUCT_NAME = "$(TARGET_NAME)";
				STRING_CATALOG_GENERATE_SYMBOLS = NO;
				SUPPORTED_PLATFORMS = "iphoneos iphonesimulator";
				SUPPORTS_MACCATALYST = NO;
				SUPPORTS_MAC_DESIGNED_FOR_IPHONE_IPAD = NO;
				SUPPORTS_XR_DESIGNED_FOR_IPHONE_IPAD = NO;
				SWIFT_APPROACHABLE_CONCURRENCY = YES;
				SWIFT_EMIT_LOC_STRINGS = NO;
				SWIFT_UPCOMING_FEATURE_MEMBER_IMPORT_VISIBILITY = YES;
				SWIFT_VERSION = 5.0;
				TARGETED_DEVICE_FAMILY = "1,2";
				TEST_HOST = "$(BUILT_PRODUCTS_DIR)/MiniaturePaintingTracker.app/$(BUNDLE_EXECUTABLE_FOLDER_PATH)/MiniaturePaintingTracker";
			};
			name = Debug;
		};
		66CBA55D2F21B11100B15AB7 /* Release */ = {
			isa = XCBuildConfiguration;
			buildSettings = {
				BUNDLE_LOADER = "$(TEST_HOST)";
				CODE_SIGN_STYLE = Automatic;
				CURRENT_PROJECT_VERSION = 1;
				GENERATE_INFOPLIST_FILE = YES;
				IPHONEOS_DEPLOYMENT_TARGET = 17.0;
				MARKETING_VERSION = 1.0;
				PRODUCT_BUNDLE_IDENTIFIER = com.miniaturetracker.MiniaturePaintingTrackerTests;
				PRODUCT_NAME = "$(TARGET_NAME)";
				STRING_CATALOG_GENERATE_SYMBOLS = NO;
				SUPPORTED_PLATFORMS = "iphoneos iphonesimulator";
				SUPPORTS_MACCATALYST = NO;
				SUPPORTS_MAC_DESIGNED_FOR_IPHONE_IPAD = NO;
				SUPPORTS_XR_DESIGNED_FOR_IPHONE_IPAD = NO;
				SWIFT_APPROACHABLE_CONCURRENCY = YES;
				SWIFT_EMIT_LOC_STRINGS = NO;
				SWIFT_UPCOMING_FEATURE_MEMBER_IMPORT_VISIBILITY = YES;
				SWIFT_VERSION = 5.0;
				TARGETED_DEVICE_FAMILY = "1,2";
				TEST_HOST = "$(BUILT_PRODUCTS_DIR)/MiniaturePaintingTracker.app/$(BUNDLE_EXECUTABLE_FOLDER_PATH)/MiniaturePaintingTracker";
			};
			name = Release;
		};
		66CBA55F2F21B11100B15AB7 /* Debug */ = {
			isa = XCBuildConfiguration;
			buildSettings = {
				CODE_SIGN_STYLE = Automatic;
				CURRENT_PROJECT_VERSION = 1;
				GENERATE_INFOPLIST_FILE = YES;
				IPHONEOS_DEPLOYMENT_TARGET = 17.0;
				MARKETING_VERSION = 1.0;
				PRODUCT_BUNDLE_IDENTIFIER = com.miniaturetracker.MiniaturePaintingTrackerUITests;
				PRODUCT_NAME = "$(TARGET_NAME)";
				STRING_CATALOG_GENERATE_SYMBOLS = NO;
				SUPPORTED_PLATFORMS = "iphoneos iphonesimulator";
				SUPPORTS_MACCATALYST = NO;
				SUPPORTS_MAC_DESIGNED_FOR_IPHONE_IPAD = NO;
				SUPPORTS_XR_DESIGNED_FOR_IPHONE_IPAD = NO;
				SWIFT_APPROACHABLE_CONCURRENCY = YES;
				SWIFT_EMIT_LOC_STRINGS = NO;
				SWIFT_UPCOMING_FEATURE_MEMBER_IMPORT_VISIBILITY = YES;
				SWIFT_VERSION = 5.0;
				TARGETED_DEVICE_FAMILY = "1,2";
				TEST_TARGET_NAME = MiniaturePaintingTracker;
			};
			name = Debug;
		};
		66CBA5602F21B11100B15AB7 /* Release */ = {
			isa = XCBuildConfiguration;
			buildSettings = {
				CODE_SIGN_STYLE = Automatic;
				CURRENT_PROJECT_VERSION = 1;
				GENERATE_INFOPLIST_FILE = YES;
				IPHONEOS_DEPLOYMENT_TARGET = 17.0;
				MARKETING_VERSION = 1.0;
				PRODUCT_BUNDLE_IDENTIFIER = com.miniaturetracker.MiniaturePaintingTrackerUITests;
				PRODUCT_NAME = "$(TARGET_NAME)";
				STRING_CATALOG_GENERATE_SYMBOLS = NO;
				SUPPORTED_PLATFORMS = "iphoneos iphonesimulator";
				SUPPORTS_MACCATALYST = NO;
				SUPPORTS_MAC_DESIGNED_FOR_IPHONE_IPAD = NO;
				SUPPORTS_XR_DESIGNED_FOR_IPHONE_IPAD = NO;
				SWIFT_APPROACHABLE_CONCURRENCY = YES;
				SWIFT_EMIT_LOC_STRINGS = NO;
				SWIFT_UPCOMING_FEATURE_MEMBER_IMPORT_VISIBILITY = YES;
				SWIFT_VERSION = 5.0;
				TARGETED_DEVICE_FAMILY = "1,2";
				TEST_TARGET_NAME = MiniaturePaintingTracker;
			};
			name = Release;
		};
/* End XCBuildConfiguration section */

/* Begin XCConfigurationList section */
		66CBA5252F21B11000B15AB7 /* Build configuration list for PBXProject "MiniaturePaintingTracker" */ = {
			isa = XCConfigurationList;
			buildConfigurations = (
				66CBA5592F21B11100B15AB7 /* Debug */,
				66CBA55A2F21B11100B15AB7 /* Release */,
			);
			defaultConfigurationIsVisible = 0;
			defaultConfigurationName = Release;
		};
		66CBA5562F21B11100B15AB7 /* Build configuration list for PBXNativeTarget "MiniaturePaintingTracker" */ = {
			isa = XCConfigurationList;
			buildConfigurations = (
				66CBA5572F21B11100B15AB7 /* Debug */,
				66CBA5582F21B11100B15AB7 /* Release */,
			);
			defaultConfigurationIsVisible = 0;
			defaultConfigurationName = Release;
		};
		66CBA55B2F21B11100B15AB7 /* Build configuration list for PBXNativeTarget "MiniaturePaintingTrackerTests" */ = {
			isa = XCConfigurationList;
			buildConfigurations = (
				66CBA55C2F21B11100B15AB7 /* Debug */,
				66CBA55D2F21B11100B15AB7 /* Release */,
			);
			defaultConfigurationIsVisible = 0;
			defaultConfigurationName = Release;
		};
		66CBA55E2F21B11100B15AB7 /* Build configuration list for PBXNativeTarget "MiniaturePaintingTrackerUITests" */ = {
			isa = XCConfigurationList;
			buildConfigurations = (
				66CBA55F2F21B11100B15AB7 /* Debug */,
				66CBA5602F21B11100B15AB7 /* Release */,
			);
			defaultConfigurationIsVisible = 0;
			defaultConfigurationName = Release;
		};
/* End XCConfigurationList section */
	};
	rootObject = 66CBA5222F21B11000B15AB7 /* Project object */;
}
